
Microsoft Visual Studio Solution File, Format Version 12.00
# Visual Studio 15
VisualStudioVersion = 15.0.28307.1927
MinimumVisualStudioVersion = 10.0.40219.1
Project("{FAE04EC0-301F-11D3-BF4B-00C04F79EFBC}") = "Papkata", "Papkata\Papkata.csproj", "{8E8A53C4-6BEC-4917-BE9C-90A058C8BAF1}"
EndProject
Project("{FAE04EC0-301F-11D3-BF4B-00C04F79EFBC}") = "Papkata 2", "Papkata 2\Papkata 2.csproj", "{3129993D-799A-4502-90EC-1214F1852DB2}"
EndProject
Project("{FAE04EC0-301F-11D3-BF4B-00C04F79EFBC}") = "Papkata3", "Papkata3\Papkata3.csproj", "{A0D50C20-989A-4218-B969-77F0D8E416EB}"
EndProject
Global
	GlobalSection(SolutionConfigurationPlatforms) = preSolution
		Debug|Any CPU = Debug|Any CPU
		Release|Any CPU = Release|Any CPU
	EndGlobalSection
	GlobalSection(ProjectConfigurationPlatforms) = postSolution
		{8E8A53C4-6BEC-4917-BE9C-90A058C8BAF1}.Debug|Any CPU.ActiveCfg = Debug|Any CPU
		{8E8A53C4-6BEC-4917-BE9C-90A058C8BAF1}.Debug|Any CPU.Build.0 = Debug|Any CPU
		{8E8A53C4-6BEC-4917-BE9C-90A058C8BAF1}.Release|Any CPU.ActiveCfg = Release|Any CPU
		{8E8A53C4-6BEC-4917-BE9C-90A058C8BAF1}.Release|Any CPU.Build.0 = Release|Any CPU
		{3129993D-799A-4502-90EC-1214F1852DB2}.Debug|Any CPU.ActiveCfg = Debug|Any CPU
		{3129993D-799A-4502-90EC-1214F1852DB2}.Debug|Any CPU.Build.0 = Debug|Any CPU
		{3129993D-799A-4502-90EC-1214F1852DB2}.Release|Any CPU.ActiveCfg = Release|Any CPU
		{3129993D-799A-4502-90EC-1214F1852DB2}.Release|Any CPU.Build.0 = Release|Any CPU
		{A0D50C20-989A-4218-B969-77F0D8E416EB}.Debug|Any CPU.ActiveCfg = Debug|Any CPU
		{A0D50C20-989A-4218-B969-77F0D8E416EB}.Debug|Any CPU.Build.0 = Debug|Any CPU
		{A0D50C20-989A-4218-B969-77F0D8E416EB}.Release|Any CPU.ActiveCfg = Release|Any CPU
		{A0D50C20-989A-4218-B969-77F0D8E416EB}.Release|Any CPU.Build.0 = Release|Any CPU
	EndGlobalSection
	GlobalSection(SolutionProperties) = preSolution
		HideSolutionNode = FALSE
	EndGlobalSection
	GlobalSection(ExtensibilityGlobals) = postSolution
		SolutionGuid = {1E81704F-5115-4353-AEB1-44D2C9F83087}
	EndGlobalSection
EndGlobal
